
Microsoft Visual Studio Solution File, Format Version 12.00
# Visual Studio Version 17
VisualStudioVersion = 17.8.34511.84
MinimumVisualStudioVersion = 10.0.40219.1
Project("{2150E333-8FDC-42A3-9474-1A3956D46DE8}") = "Level_0", "Level_0", "{24F5B99D-44E2-4303-8805-CE3252D914E1}"
EndProject
Project("{2150E333-8FDC-42A3-9474-1A3956D46DE8}") = "Level_1", "Level_1", "{A0334A30-C491-4D8F-B21A-B726A1073DF2}"
EndProject
Project("{2150E333-8FDC-42A3-9474-1A3956D46DE8}") = "Level_2", "Level_2", "{CB8BBA13-E560-41D8-8D3F-6CBD10AE336D}"
EndProject
Project("{2150E333-8FDC-42A3-9474-1A3956D46DE8}") = "Level_3", "Level_3", "{0EC386CE-D972-4227-9AA5-C5C9978E763C}"
EndProject
Project("{2150E333-8FDC-42A3-9474-1A3956D46DE8}") = "Level_4", "Level_4", "{A95BC3C7-EC56-4392-9B3B-4DFA85F6D0C4}"
EndProject
Project("{8BC9CEB8-8B4A-11D0-8D11-00A0C91BC942}") = "SnowBros", "SnowBros\SnowBros.vcxproj", "{007CFAD3-15F1-48FC-8B41-2F662A5501D0}"
EndProject
Project("{8BC9CEB8-8B4A-11D0-8D11-00A0C91BC942}") = "App", "App\App.vcxproj", "{A22DA2DB-9AE3-48F5-B9FA-1C854C4ADEB8}"
EndProject
Project("{8BC9CEB8-8B4A-11D0-8D11-00A0C91BC942}") = "EngineBase", "EngineBase\EngineBase.vcxproj", "{EA197215-13BB-4729-9573-DB483A0EE1A3}"
EndProject
Project("{8BC9CEB8-8B4A-11D0-8D11-00A0C91BC942}") = "EnginePlatform", "EnginePlatform\EnginePlatform.vcxproj", "{F0716EC2-0BC5-43EA-9046-B203E0985A67}"
EndProject
Project("{8BC9CEB8-8B4A-11D0-8D11-00A0C91BC942}") = "EngineCore", "EngineCore\EngineCore.vcxproj", "{35FA176C-16BB-4C2A-A672-F4FF30C1BEA5}"
EndProject
Project("{2150E333-8FDC-42A3-9474-1A3956D46DE8}") = "솔루션 항목", "솔루션 항목", "{CF0F4A3E-7210-4BAF-89EE-C1F3D1F7A0BD}"
	ProjectSection(SolutionItems) = preProject
		TextFile1.txt = TextFile1.txt
	EndProjectSection
EndProject
Global
	GlobalSection(SolutionConfigurationPlatforms) = preSolution
		Debug|x64 = Debug|x64
		Debug|x86 = Debug|x86
		Release|x64 = Release|x64
		Release|x86 = Release|x86
	EndGlobalSection
	GlobalSection(ProjectConfigurationPlatforms) = postSolution
		{007CFAD3-15F1-48FC-8B41-2F662A5501D0}.Debug|x64.ActiveCfg = Debug|x64
		{007CFAD3-15F1-48FC-8B41-2F662A5501D0}.Debug|x64.Build.0 = Debug|x64
		{007CFAD3-15F1-48FC-8B41-2F662A5501D0}.Debug|x86.ActiveCfg = Debug|Win32
		{007CFAD3-15F1-48FC-8B41-2F662A5501D0}.Debug|x86.Build.0 = Debug|Win32
		{007CFAD3-15F1-48FC-8B41-2F662A5501D0}.Release|x64.ActiveCfg = Release|x64
		{007CFAD3-15F1-48FC-8B41-2F662A5501D0}.Release|x64.Build.0 = Release|x64
		{007CFAD3-15F1-48FC-8B41-2F662A5501D0}.Release|x86.ActiveCfg = Release|Win32
		{007CFAD3-15F1-48FC-8B41-2F662A5501D0}.Release|x86.Build.0 = Release|Win32
		{A22DA2DB-9AE3-48F5-B9FA-1C854C4ADEB8}.Debug|x64.ActiveCfg = Debug|x64
		{A22DA2DB-9AE3-48F5-B9FA-1C854C4ADEB8}.Debug|x64.Build.0 = Debug|x64
		{A22DA2DB-9AE3-48F5-B9FA-1C854C4ADEB8}.Debug|x86.ActiveCfg = Debug|Win32
		{A22DA2DB-9AE3-48F5-B9FA-1C854C4ADEB8}.Debug|x86.Build.0 = Debug|Win32
		{A22DA2DB-9AE3-48F5-B9FA-1C854C4ADEB8}.Release|x64.ActiveCfg = Release|x64
		{A22DA2DB-9AE3-48F5-B9FA-1C854C4ADEB8}.Release|x64.Build.0 = Release|x64
		{A22DA2DB-9AE3-48F5-B9FA-1C854C4ADEB8}.Release|x86.ActiveCfg = Release|Win32
		{A22DA2DB-9AE3-48F5-B9FA-1C854C4ADEB8}.Release|x86.Build.0 = Release|Win32
		{EA197215-13BB-4729-9573-DB483A0EE1A3}.Debug|x64.ActiveCfg = Debug|x64
		{EA197215-13BB-4729-9573-DB483A0EE1A3}.Debug|x64.Build.0 = Debug|x64
		{EA197215-13BB-4729-9573-DB483A0EE1A3}.Debug|x86.ActiveCfg = Debug|Win32
		{EA197215-13BB-4729-9573-DB483A0EE1A3}.Debug|x86.Build.0 = Debug|Win32
		{EA197215-13BB-4729-9573-DB483A0EE1A3}.Release|x64.ActiveCfg = Release|x64
		{EA197215-13BB-4729-9573-DB483A0EE1A3}.Release|x64.Build.0 = Release|x64
		{EA197215-13BB-4729-9573-DB483A0EE1A3}.Release|x86.ActiveCfg = Release|Win32
		{EA197215-13BB-4729-9573-DB483A0EE1A3}.Release|x86.Build.0 = Release|Win32
		{F0716EC2-0BC5-43EA-9046-B203E0985A67}.Debug|x64.ActiveCfg = Debug|x64
		{F0716EC2-0BC5-43EA-9046-B203E0985A67}.Debug|x64.Build.0 = Debug|x64
		{F0716EC2-0BC5-43EA-9046-B203E0985A67}.Debug|x86.ActiveCfg = Debug|Win32
		{F0716EC2-0BC5-43EA-9046-B203E0985A67}.Debug|x86.Build.0 = Debug|Win32
		{F0716EC2-0BC5-43EA-9046-B203E0985A67}.Release|x64.ActiveCfg = Release|x64
		{F0716EC2-0BC5-43EA-9046-B203E0985A67}.Release|x64.Build.0 = Release|x64
		{F0716EC2-0BC5-43EA-9046-B203E0985A67}.Release|x86.ActiveCfg = Release|Win32
		{F0716EC2-0BC5-43EA-9046-B203E0985A67}.Release|x86.Build.0 = Release|Win32
		{35FA176C-16BB-4C2A-A672-F4FF30C1BEA5}.Debug|x64.ActiveCfg = Debug|x64
		{35FA176C-16BB-4C2A-A672-F4FF30C1BEA5}.Debug|x64.Build.0 = Debug|x64
		{35FA176C-16BB-4C2A-A672-F4FF30C1BEA5}.Debug|x86.ActiveCfg = Debug|Win32
		{35FA176C-16BB-4C2A-A672-F4FF30C1BEA5}.Debug|x86.Build.0 = Debug|Win32
		{35FA176C-16BB-4C2A-A672-F4FF30C1BEA5}.Release|x64.ActiveCfg = Release|x64
		{35FA176C-16BB-4C2A-A672-F4FF30C1BEA5}.Release|x64.Build.0 = Release|x64
		{35FA176C-16BB-4C2A-A672-F4FF30C1BEA5}.Release|x86.ActiveCfg = Release|Win32
		{35FA176C-16BB-4C2A-A672-F4FF30C1BEA5}.Release|x86.Build.0 = Release|Win32
	EndGlobalSection
	GlobalSection(SolutionProperties) = preSolution
		HideSolutionNode = FALSE
	EndGlobalSection
	GlobalSection(NestedProjects) = preSolution
		{007CFAD3-15F1-48FC-8B41-2F662A5501D0} = {0EC386CE-D972-4227-9AA5-C5C9978E763C}
		{A22DA2DB-9AE3-48F5-B9FA-1C854C4ADEB8} = {A95BC3C7-EC56-4392-9B3B-4DFA85F6D0C4}
		{EA197215-13BB-4729-9573-DB483A0EE1A3} = {24F5B99D-44E2-4303-8805-CE3252D914E1}
		{F0716EC2-0BC5-43EA-9046-B203E0985A67} = {A0334A30-C491-4D8F-B21A-B726A1073DF2}
		{35FA176C-16BB-4C2A-A672-F4FF30C1BEA5} = {CB8BBA13-E560-41D8-8D3F-6CBD10AE336D}
	EndGlobalSection
	GlobalSection(ExtensibilityGlobals) = postSolution
		SolutionGuid = {6585FFCB-FD02-48A8-A28E-B8A1107046D7}
	EndGlobalSection
EndGlobal
