
Microsoft Visual Studio Solution File, Format Version 12.00
# Visual Studio Version 17
VisualStudioVersion = 17.8.34330.188
MinimumVisualStudioVersion = 10.0.40219.1
Project("{8BC9CEB8-8B4A-11D0-8D11-00A0C91BC942}") = "EngineBase", "EngineBase\EngineBase.vcxproj", "{CDFB57E8-BE0D-4590-BA7C-99F2FC34C36A}"
EndProject
Project("{8BC9CEB8-8B4A-11D0-8D11-00A0C91BC942}") = "EnginePlatForm", "EnginePlatForm\EnginePlatForm.vcxproj", "{0FC149C9-7895-45D5-B8EA-E9430AAEAD0C}"
EndProject
Project("{2150E333-8FDC-42A3-9474-1A3956D46DE8}") = "Level_0", "Level_0", "{4CCE470A-B6C7-46E8-AB4E-6408D2663749}"
EndProject
Project("{2150E333-8FDC-42A3-9474-1A3956D46DE8}") = "Level_1", "Level_1", "{9BE9B3A2-4771-424B-9C70-5F19B219A5BF}"
EndProject
Project("{2150E333-8FDC-42A3-9474-1A3956D46DE8}") = "Level_2", "Level_2", "{A8775341-6DE6-487A-BE6C-8CCC8928C3CB}"
EndProject
Project("{8BC9CEB8-8B4A-11D0-8D11-00A0C91BC942}") = "EngineCore", "EngineCore\EngineCore.vcxproj", "{5CBACD92-E2C7-4075-8910-1EE86B8705EC}"
EndProject
Project("{2150E333-8FDC-42A3-9474-1A3956D46DE8}") = "Level_3", "Level_3", "{70CC5578-4300-4CEA-B85B-7B3A4C3CF94B}"
EndProject
Project("{8BC9CEB8-8B4A-11D0-8D11-00A0C91BC942}") = "SnowBros", "SnowBros\SnowBros.vcxproj", "{4DDD5688-6C6C-4270-8021-408B7FAB9B25}"
EndProject
Project("{2150E333-8FDC-42A3-9474-1A3956D46DE8}") = "Level_4", "Level_4", "{659AC8AE-E25B-421B-912D-2E58062EFA65}"
EndProject
Project("{8BC9CEB8-8B4A-11D0-8D11-00A0C91BC942}") = "App", "App\App.vcxproj", "{06CB1646-7862-49EC-8E3A-CD29E91A4C57}"
EndProject
Global
	GlobalSection(SolutionConfigurationPlatforms) = preSolution
		Debug|x64 = Debug|x64
		Debug|x86 = Debug|x86
		Release|x64 = Release|x64
		Release|x86 = Release|x86
	EndGlobalSection
	GlobalSection(ProjectConfigurationPlatforms) = postSolution
		{CDFB57E8-BE0D-4590-BA7C-99F2FC34C36A}.Debug|x64.ActiveCfg = Debug|x64
		{CDFB57E8-BE0D-4590-BA7C-99F2FC34C36A}.Debug|x64.Build.0 = Debug|x64
		{CDFB57E8-BE0D-4590-BA7C-99F2FC34C36A}.Debug|x86.ActiveCfg = Debug|Win32
		{CDFB57E8-BE0D-4590-BA7C-99F2FC34C36A}.Debug|x86.Build.0 = Debug|Win32
		{CDFB57E8-BE0D-4590-BA7C-99F2FC34C36A}.Release|x64.ActiveCfg = Release|x64
		{CDFB57E8-BE0D-4590-BA7C-99F2FC34C36A}.Release|x64.Build.0 = Release|x64
		{CDFB57E8-BE0D-4590-BA7C-99F2FC34C36A}.Release|x86.ActiveCfg = Release|Win32
		{CDFB57E8-BE0D-4590-BA7C-99F2FC34C36A}.Release|x86.Build.0 = Release|Win32
		{0FC149C9-7895-45D5-B8EA-E9430AAEAD0C}.Debug|x64.ActiveCfg = Debug|x64
		{0FC149C9-7895-45D5-B8EA-E9430AAEAD0C}.Debug|x64.Build.0 = Debug|x64
		{0FC149C9-7895-45D5-B8EA-E9430AAEAD0C}.Debug|x86.ActiveCfg = Debug|Win32
		{0FC149C9-7895-45D5-B8EA-E9430AAEAD0C}.Debug|x86.Build.0 = Debug|Win32
		{0FC149C9-7895-45D5-B8EA-E9430AAEAD0C}.Release|x64.ActiveCfg = Release|x64
		{0FC149C9-7895-45D5-B8EA-E9430AAEAD0C}.Release|x64.Build.0 = Release|x64
		{0FC149C9-7895-45D5-B8EA-E9430AAEAD0C}.Release|x86.ActiveCfg = Release|Win32
		{0FC149C9-7895-45D5-B8EA-E9430AAEAD0C}.Release|x86.Build.0 = Release|Win32
		{5CBACD92-E2C7-4075-8910-1EE86B8705EC}.Debug|x64.ActiveCfg = Debug|x64
		{5CBACD92-E2C7-4075-8910-1EE86B8705EC}.Debug|x64.Build.0 = Debug|x64
		{5CBACD92-E2C7-4075-8910-1EE86B8705EC}.Debug|x86.ActiveCfg = Debug|Win32
		{5CBACD92-E2C7-4075-8910-1EE86B8705EC}.Debug|x86.Build.0 = Debug|Win32
		{5CBACD92-E2C7-4075-8910-1EE86B8705EC}.Release|x64.ActiveCfg = Release|x64
		{5CBACD92-E2C7-4075-8910-1EE86B8705EC}.Release|x64.Build.0 = Release|x64
		{5CBACD92-E2C7-4075-8910-1EE86B8705EC}.Release|x86.ActiveCfg = Release|Win32
		{5CBACD92-E2C7-4075-8910-1EE86B8705EC}.Release|x86.Build.0 = Release|Win32
		{4DDD5688-6C6C-4270-8021-408B7FAB9B25}.Debug|x64.ActiveCfg = Debug|x64
		{4DDD5688-6C6C-4270-8021-408B7FAB9B25}.Debug|x64.Build.0 = Debug|x64
		{4DDD5688-6C6C-4270-8021-408B7FAB9B25}.Debug|x86.ActiveCfg = Debug|Win32
		{4DDD5688-6C6C-4270-8021-408B7FAB9B25}.Debug|x86.Build.0 = Debug|Win32
		{4DDD5688-6C6C-4270-8021-408B7FAB9B25}.Release|x64.ActiveCfg = Release|x64
		{4DDD5688-6C6C-4270-8021-408B7FAB9B25}.Release|x64.Build.0 = Release|x64
		{4DDD5688-6C6C-4270-8021-408B7FAB9B25}.Release|x86.ActiveCfg = Release|Win32
		{4DDD5688-6C6C-4270-8021-408B7FAB9B25}.Release|x86.Build.0 = Release|Win32
		{06CB1646-7862-49EC-8E3A-CD29E91A4C57}.Debug|x64.ActiveCfg = Debug|x64
		{06CB1646-7862-49EC-8E3A-CD29E91A4C57}.Debug|x64.Build.0 = Debug|x64
		{06CB1646-7862-49EC-8E3A-CD29E91A4C57}.Debug|x86.ActiveCfg = Debug|Win32
		{06CB1646-7862-49EC-8E3A-CD29E91A4C57}.Debug|x86.Build.0 = Debug|Win32
		{06CB1646-7862-49EC-8E3A-CD29E91A4C57}.Release|x64.ActiveCfg = Release|x64
		{06CB1646-7862-49EC-8E3A-CD29E91A4C57}.Release|x64.Build.0 = Release|x64
		{06CB1646-7862-49EC-8E3A-CD29E91A4C57}.Release|x86.ActiveCfg = Release|Win32
		{06CB1646-7862-49EC-8E3A-CD29E91A4C57}.Release|x86.Build.0 = Release|Win32
	EndGlobalSection
	GlobalSection(SolutionProperties) = preSolution
		HideSolutionNode = FALSE
	EndGlobalSection
	GlobalSection(NestedProjects) = preSolution
		{CDFB57E8-BE0D-4590-BA7C-99F2FC34C36A} = {4CCE470A-B6C7-46E8-AB4E-6408D2663749}
		{0FC149C9-7895-45D5-B8EA-E9430AAEAD0C} = {9BE9B3A2-4771-424B-9C70-5F19B219A5BF}
		{5CBACD92-E2C7-4075-8910-1EE86B8705EC} = {A8775341-6DE6-487A-BE6C-8CCC8928C3CB}
		{4DDD5688-6C6C-4270-8021-408B7FAB9B25} = {70CC5578-4300-4CEA-B85B-7B3A4C3CF94B}
		{06CB1646-7862-49EC-8E3A-CD29E91A4C57} = {659AC8AE-E25B-421B-912D-2E58062EFA65}
	EndGlobalSection
	GlobalSection(ExtensibilityGlobals) = postSolution
		SolutionGuid = {5A0B6EAA-ECE3-4994-B000-AF79E8D4253D}
	EndGlobalSection
EndGlobal
